
Microsoft Visual Studio Solution File, Format Version 12.00
# Visual Studio 15
VisualStudioVersion = 15.0.28307.1000
MinimumVisualStudioVersion = 10.0.40219.1
Project("{9A19103F-16F7-4668-BE54-9A1E7A4F7556}") = "CalculationEngine", "CalculationEngine\CalculationEngine.csproj", "{247460D5-D1B2-4629-925C-AA4AE0D34F89}"
EndProject
Project("{9A19103F-16F7-4668-BE54-9A1E7A4F7556}") = "CalculationEngineUnitTests", "CalculationEngineUnitTests\CalculationEngineUnitTests.csproj", "{05A03AF8-2C59-4868-90A7-0A8A9FF768A7}"
EndProject
Project("{9A19103F-16F7-4668-BE54-9A1E7A4F7556}") = "Calculations.Core", "Calculations.Core\Calculations.Core.csproj", "{AD8E4399-FFAD-42A1-A3E2-39B511A07588}"
EndProject
Project("{9A19103F-16F7-4668-BE54-9A1E7A4F7556}") = "CalculationEngineConsole", "CalculationEngineConsole\CalculationEngineConsole.csproj", "{0539889B-A3E8-4991-9980-299FE97989F5}"
EndProject
Project("{FAE04EC0-301F-11D3-BF4B-00C04F79EFBC}") = "Calculation.Services", "Calculation.Services\Calculation.Services.csproj", "{B90E113A-F2BC-4A50-AB76-8A11E406E70B}"
EndProject
Global
	GlobalSection(SolutionConfigurationPlatforms) = preSolution
		Debug|Any CPU = Debug|Any CPU
		Release|Any CPU = Release|Any CPU
	EndGlobalSection
	GlobalSection(ProjectConfigurationPlatforms) = postSolution
		{247460D5-D1B2-4629-925C-AA4AE0D34F89}.Debug|Any CPU.ActiveCfg = Debug|Any CPU
		{247460D5-D1B2-4629-925C-AA4AE0D34F89}.Debug|Any CPU.Build.0 = Debug|Any CPU
		{247460D5-D1B2-4629-925C-AA4AE0D34F89}.Release|Any CPU.ActiveCfg = Release|Any CPU
		{247460D5-D1B2-4629-925C-AA4AE0D34F89}.Release|Any CPU.Build.0 = Release|Any CPU
		{05A03AF8-2C59-4868-90A7-0A8A9FF768A7}.Debug|Any CPU.ActiveCfg = Debug|Any CPU
		{05A03AF8-2C59-4868-90A7-0A8A9FF768A7}.Debug|Any CPU.Build.0 = Debug|Any CPU
		{05A03AF8-2C59-4868-90A7-0A8A9FF768A7}.Release|Any CPU.ActiveCfg = Release|Any CPU
		{05A03AF8-2C59-4868-90A7-0A8A9FF768A7}.Release|Any CPU.Build.0 = Release|Any CPU
		{AD8E4399-FFAD-42A1-A3E2-39B511A07588}.Debug|Any CPU.ActiveCfg = Debug|Any CPU
		{AD8E4399-FFAD-42A1-A3E2-39B511A07588}.Debug|Any CPU.Build.0 = Debug|Any CPU
		{AD8E4399-FFAD-42A1-A3E2-39B511A07588}.Release|Any CPU.ActiveCfg = Release|Any CPU
		{AD8E4399-FFAD-42A1-A3E2-39B511A07588}.Release|Any CPU.Build.0 = Release|Any CPU
		{0539889B-A3E8-4991-9980-299FE97989F5}.Debug|Any CPU.ActiveCfg = Debug|Any CPU
		{0539889B-A3E8-4991-9980-299FE97989F5}.Debug|Any CPU.Build.0 = Debug|Any CPU
		{0539889B-A3E8-4991-9980-299FE97989F5}.Release|Any CPU.ActiveCfg = Release|Any CPU
		{0539889B-A3E8-4991-9980-299FE97989F5}.Release|Any CPU.Build.0 = Release|Any CPU
		{B90E113A-F2BC-4A50-AB76-8A11E406E70B}.Debug|Any CPU.ActiveCfg = Debug|Any CPU
		{B90E113A-F2BC-4A50-AB76-8A11E406E70B}.Debug|Any CPU.Build.0 = Debug|Any CPU
		{B90E113A-F2BC-4A50-AB76-8A11E406E70B}.Release|Any CPU.ActiveCfg = Release|Any CPU
		{B90E113A-F2BC-4A50-AB76-8A11E406E70B}.Release|Any CPU.Build.0 = Release|Any CPU
	EndGlobalSection
	GlobalSection(SolutionProperties) = preSolution
		HideSolutionNode = FALSE
	EndGlobalSection
	GlobalSection(ExtensibilityGlobals) = postSolution
		SolutionGuid = {14C3BCBB-24CA-4493-BCEB-62B99693C7AF}
	EndGlobalSection
EndGlobal
